
Microsoft Visual Studio Solution File, Format Version 12.00
# Visual Studio Version 17
VisualStudioVersion = 17.2.32630.192
MinimumVisualStudioVersion = 10.0.40219.1
Project("{FAE04EC0-301F-11D3-BF4B-00C04F79EFBC}") = "StoreVideoGames", "StoreVideoGames\StoreVideoGames.csproj", "{ABFD210A-12E0-4BE4-9C04-EA5797B4870E}"
EndProject
Project("{FAE04EC0-301F-11D3-BF4B-00C04F79EFBC}") = "EFDataAccess", "EFDataAccess\EFDataAccess.csproj", "{2402AB2B-1F38-4933-B5AB-149E5D5829D6}"
EndProject
Global
	GlobalSection(SolutionConfigurationPlatforms) = preSolution
		Debug|Any CPU = Debug|Any CPU
		Release|Any CPU = Release|Any CPU
	EndGlobalSection
	GlobalSection(ProjectConfigurationPlatforms) = postSolution
		{ABFD210A-12E0-4BE4-9C04-EA5797B4870E}.Debug|Any CPU.ActiveCfg = Debug|Any CPU
		{ABFD210A-12E0-4BE4-9C04-EA5797B4870E}.Debug|Any CPU.Build.0 = Debug|Any CPU
		{ABFD210A-12E0-4BE4-9C04-EA5797B4870E}.Release|Any CPU.ActiveCfg = Release|Any CPU
		{ABFD210A-12E0-4BE4-9C04-EA5797B4870E}.Release|Any CPU.Build.0 = Release|Any CPU
		{2402AB2B-1F38-4933-B5AB-149E5D5829D6}.Debug|Any CPU.ActiveCfg = Debug|Any CPU
		{2402AB2B-1F38-4933-B5AB-149E5D5829D6}.Debug|Any CPU.Build.0 = Debug|Any CPU
		{2402AB2B-1F38-4933-B5AB-149E5D5829D6}.Release|Any CPU.ActiveCfg = Release|Any CPU
		{2402AB2B-1F38-4933-B5AB-149E5D5829D6}.Release|Any CPU.Build.0 = Release|Any CPU
	EndGlobalSection
	GlobalSection(SolutionProperties) = preSolution
		HideSolutionNode = FALSE
	EndGlobalSection
	GlobalSection(ExtensibilityGlobals) = postSolution
		SolutionGuid = {6C1884B4-2867-457A-8950-2B4FD4837771}
	EndGlobalSection
EndGlobal
